lockfileVersion: '9.0'

settings:
  autoInstallPeers: true
  excludeLinksFromLockfile: false

importers:

  .:
    devDependencies:
      prettier:
        specifier: ^3.9.9
        version: 3.9.9
      turbo:
        specifier: ^2.11.4
        version: 2.11.4
      typescript:
        specifier: 5.9.3
        version: 5.9.3

  packages/db:
    devDependencies:
      postgres:
        specifier: ^3.4.9
        version: 3.4.9
      supabase:
        specifier: ^2.118.0
        version: 2.118.0
      typescript:
        specifier: 5.9.3
        version: 5.9.3

packages:

  '@ecies/ciphers@0.2.6':
    resolution: {integrity: sha512-patgsRPKGkhhoBjETV4XxD0En4ui5fbX0hzayqI3M8tvNMGUoUvmyYAIWwlxBc1KX5cturfqByYdj5bYGRpN9g==}
    engines: {bun: '>=1', deno: '>=2.7.10', node: '>=16'}
    peerDependencies:
      '@noble/ciphers': ^1.0.0

  '@noble/ciphers@1.3.0':
    resolution: {integrity: sha512-2I0gnIVPtfnMw9ee9h1dJG7tp81+8Ob3OJb3Mv37rx5L40/b0i7djjCVvGOVqc9AEIQyvyu1i6ypKdFw8R8gQw==}
    engines: {node: ^14.21.3 || >=16}

  '@noble/curves@1.9.7':
    resolution: {integrity: sha512-gbKGcRUYIjA3/zCCNaWDciTMFI0dCkvou3TL8Zmy5Nc7sJ47a0jtOeZoTaMxkuqRo9cRhjOdZJXegxYE5FN/xw==}
    engines: {node: ^14.21.3 || >=16}

  '@noble/hashes@1.8.0':
    resolution: {integrity: sha512-jCs9ldd7NwzpgXDIf6P3+NrHh9/sD6CQdxHyjQI+h/6rDNo88ypBxxz45UDuZHz9r3tNz7N/VInSVoVdtXEI4A==}
    engines: {node: ^14.21.3 || >=16}

  '@supabase/cli-darwin-arm64@2.118.0':
    resolution: {integrity: sha512-48W7wkHIVNgwSz4zr+xsC94la1PytCpudOw5w9qJWAISyBWRXMFBCEMb9aVIEG8S9OcLb4X1KZy4PPA/T+f7NQ==}
    cpu: [arm64]
    os: [darwin]

  '@supabase/cli-darwin-x64@2.118.0':
    resolution: {integrity: sha512-r6z41S0ycJiy2cO6sbJA7kPCodpAus6b3Km+qyn2zYlnTLN0nbscYnKxrZf/rJNR+S+sdpOZXgdQjGc/z5jvXw==}
    cpu: [x64]
    os: [darwin]

  '@supabase/cli-linux-arm64-musl@2.118.0':
    resolution: {integrity: sha512-8yXIa+9g3FVVlnUAZ9wB1NEP6kvO0tpqQkDs3wqmb6btLD1MYosD/2/ZazSkpEHiKOwKUSymvUg0OgqI7a1gpw==}
    cpu: [arm64]
    os: [linux]
    libc: [musl]

  '@supabase/cli-linux-arm64@2.118.0':
    resolution: {integrity: sha512-gYjOTnsYgwC68suoFALaXo87KvluXMjdWuo26a7hyD8vLeRJrmX+dpdxgegckQ7wxz8V1iotSBQU6Hd44FEDqw==}
    cpu: [arm64]
    os: [linux]
    libc: [glibc]

  '@supabase/cli-linux-x64-musl@2.118.0':
    resolution: {integrity: sha512-baHVTKJ8OehCXIt6pjHFRXofoUqQzve+43lRKKeVlcgDmgHHTTaF/wTpNvQ86IhoDRkiQTuHQkDG8I5GtHdvEA==}
    cpu: [x64]
    os: [linux]
    libc: [musl]

  '@supabase/cli-linux-x64@2.118.0':
    resolution: {integrity: sha512-nHm27uv15iu4xIQZRC++CS4uKYU9HuFn9HiOf407620OQ3cCp70fLT59grFlYQ+bqM7Zrv/GmEZHdgR8UO65RA==}
    cpu: [x64]
    os: [linux]
    libc: [glibc]

  '@supabase/cli-windows-arm64@2.118.0':
    resolution: {integrity: sha512-wd592HmQQ7DsGjnwDHILJfFlsRBQ8Q6wwjX5AXRmqznsj3NOPfFzZm2GtV8hJIj1Ttsf7B8N1DqW/0ta7kU4oQ==}
    cpu: [arm64]
    os: [win32]

  '@supabase/cli-windows-x64@2.118.0':
    resolution: {integrity: sha512-qVAJL532b5pB8uJAPA/+3+wtwM/DX1GxwVLCSDmiT6wfUBD6OJcCYRXCEaUx0YjupyaDoPeuP4BF7IfkQTajww==}
    cpu: [x64]
    os: [win32]

  '@turbo/darwin-64@2.11.4':
    resolution: {integrity: sha512-fEmcQVa95k79tZjcay5b2A4cpR/VrlNUki4AN7EbA+32vj5C5rBUE1q3i2yOFxsB2n01sOlzIZ+s2p2zADCTig==}
    cpu: [x64]
    os: [darwin]

  '@turbo/darwin-arm64@2.11.4':
    resolution: {integrity: sha512-SgXCVgBC1v+bdE6+KQGV6Kob7nBYo75zxzNFFuA4jLdM0J8lYamdTUoZSHLR0dy+kXVEYZqSC98CKqC17NG3Og==}
    cpu: [arm64]
    os: [darwin]

  '@turbo/linux-64@2.11.4':
    resolution: {integrity: sha512-MWM7Au6NPJMBmHJAzFzQ/PACYNRpBOqnBkj+7csdR+YhJ+0XBg4Z64wFwLnGFDac0gc+YlasWOZ5t05bGs54aQ==}
    cpu: [x64]
    os: [android, linux]

  '@turbo/linux-arm64@2.11.4':
    resolution: {integrity: sha512-rRVOh0UNlLbKPuf70FokqjahO/hCGgBmgvZcNXUPayn8Wk0zXIsVoNKpr0UQUhhR+KMiibvBKkVAGDViDFQHKA==}
    cpu: [arm64]
    os: [android, linux]

  '@turbo/windows-64@2.11.4':
    resolution: {integrity: sha512-COr+++1GwDg09XbJdm3sP1gEQApeV43UknYP9h82qet1tAGJrGQAxKVTMrf2JMsMw8MkJRnQj3gAVuQmV1kIyQ==}
    cpu: [x64]
    os: [win32]

  '@turbo/windows-arm64@2.11.4':
    resolution: {integrity: sha512-gh5lwDA2d4aBdLvTANhFsFEgxbBqKZ4m4dCyChw9GoX8b+Esk8H3p25Q+rlWCUVJ2o6Hne10ZTL0QSFfWD4gIA==}
    cpu: [arm64]
    os: [win32]

  eciesjs@0.5.0:
    resolution: {integrity: sha512-s0J9SEVYAEPg7J63GFMApLYzPH9VNIQIyC6s15JpnqVc0TqcKWdbgFlnAweEBRyMmko2dcs2sfC83Hj4J43tuA==}
    engines: {bun: '>=1', deno: '>=2.7.10', node: '>=16'}

  jose@6.2.12:
    resolution: {integrity: sha512-9NiFmJEex0sy2Dk58j2UGBSHgUs2ypF9eZSu4L6vjOX3Dp96Sw1F3uL+H+D1sx02jZZdzUT0HgvCy59CuvXcWw==}

  postgres@3.4.9:
    resolution: {integrity: sha512-GD3qdB0x1z9xgFI6cdRD6xu2Sp2WCOEoe3mtnyB5Ee0XrrL5Pe+e4CCnJrRMnL1zYtRDZmQQVbvOttLnKDLnaw==}
    engines: {node: '>=12'}

  prettier@3.9.9:
    resolution: {integrity: sha512-Z/CJHIkdujO/OtN7nXUii0Rf3VT5SRuhjBA82Xvu2XhBUgX3nhP67T0LHceBdQLex7OOFGTox+Q5Yg8Jk2Qivg==}
    engines: {node: '>=14'}
    hasBin: true

  supabase@2.118.0:
    resolution: {integrity: sha512-0aPIlzBSBLwbJZCMZKD1QAwlc4xNnNvvk07QuSuuKBKzGLSeV3GovgTLlMKFTJ4JWfJubWF0URPLuPUr0kZr5g==}
    hasBin: true

  turbo@2.11.4:
    resolution: {integrity: sha512-nedZtJ2hjWpU/JBFq7Aj1GQBxQ56si+kIUmNZBUX35O35TIuhSBR6/u3yHHmk81U+RBdBcVjvLQ3/iOFzMwKsA==}
    hasBin: true

  typescript@5.9.3:
    resolution: {integrity: sha512-jl1vZzPDinLr9eUt3J/t7V6FgNEw9QjvBPdysz9KfQDD41fQrC2Y4vKQdiaUpFT4bXlb1RHhLpp8wtm6M5TgSw==}
    engines: {node: '>=14.17'}
    hasBin: true

snapshots:

  '@ecies/ciphers@0.2.6(@noble/ciphers@1.3.0)':
    dependencies:
      '@noble/ciphers': 1.3.0

  '@noble/ciphers@1.3.0': {}

  '@noble/curves@1.9.7':
    dependencies:
      '@noble/hashes': 1.8.0

  '@noble/hashes@1.8.0': {}

  '@supabase/cli-darwin-arm64@2.118.0':
    optional: true

  '@supabase/cli-darwin-x64@2.118.0':
    optional: true

  '@supabase/cli-linux-arm64-musl@2.118.0':
    optional: true

  '@supabase/cli-linux-arm64@2.118.0':
    optional: true

  '@supabase/cli-linux-x64-musl@2.118.0':
    optional: true

  '@supabase/cli-linux-x64@2.118.0':
    optional: true

  '@supabase/cli-windows-arm64@2.118.0':
    optional: true

  '@supabase/cli-windows-x64@2.118.0':
    optional: true

  '@turbo/darwin-64@2.11.4':
    optional: true

  '@turbo/darwin-arm64@2.11.4':
    optional: true

  '@turbo/linux-64@2.11.4':
    optional: true

  '@turbo/linux-arm64@2.11.4':
    optional: true

  '@turbo/windows-64@2.11.4':
    optional: true

  '@turbo/windows-arm64@2.11.4':
    optional: true

  eciesjs@0.5.0:
    dependencies:
      '@ecies/ciphers': 0.2.6(@noble/ciphers@1.3.0)
      '@noble/ciphers': 1.3.0
      '@noble/curves': 1.9.7
      '@noble/hashes': 1.8.0

  jose@6.2.12: {}

  postgres@3.4.9: {}

  prettier@3.9.9: {}

  supabase@2.118.0:
    dependencies:
      eciesjs: 0.5.0
      jose: 6.2.12
    optionalDependencies:
      '@supabase/cli-darwin-arm64': 2.118.0
      '@supabase/cli-darwin-x64': 2.118.0
      '@supabase/cli-linux-arm64': 2.118.0
      '@supabase/cli-linux-arm64-musl': 2.118.0
      '@supabase/cli-linux-x64': 2.118.0
      '@supabase/cli-linux-x64-musl': 2.118.0
      '@supabase/cli-windows-arm64': 2.118.0
      '@supabase/cli-windows-x64': 2.118.0

  turbo@2.11.4:
    optionalDependencies:
      '@turbo/darwin-64': 2.11.4
      '@turbo/darwin-arm64': 2.11.4
      '@turbo/linux-64': 2.11.4
      '@turbo/linux-arm64': 2.11.4
      '@turbo/windows-64': 2.11.4
      '@turbo/windows-arm64': 2.11.4

  typescript@5.9.3: {}
